
Microsoft Visual Studio Solution File, Format Version 12.00
# Visual Studio Version 16
VisualStudioVersion = 16.0.31729.503
MinimumVisualStudioVersion = 10.0.40219.1
Project("{FAE04EC0-301F-11D3-BF4B-00C04F79EFBC}") = "Tibulca_Bogdan_Lab2", "Tibulca_Bogdan_Lab2.csproj", "{49B5EE6F-C91F-40C1-9B42-C209DC33659F}"
EndProject
Global
	GlobalSection(SolutionConfigurationPlatforms) = preSolution
		Debug|Any CPU = Debug|Any CPU
		Release|Any CPU = Release|Any CPU
	EndGlobalSection
	GlobalSection(ProjectConfigurationPlatforms) = postSolution
		{49B5EE6F-C91F-40C1-9B42-C209DC33659F}.Debug|Any CPU.ActiveCfg = Debug|Any CPU
		{49B5EE6F-C91F-40C1-9B42-C209DC33659F}.Debug|Any CPU.Build.0 = Debug|Any CPU
		{49B5EE6F-C91F-40C1-9B42-C209DC33659F}.Release|Any CPU.ActiveCfg = Release|Any CPU
		{49B5EE6F-C91F-40C1-9B42-C209DC33659F}.Release|Any CPU.Build.0 = Release|Any CPU
	EndGlobalSection
	GlobalSection(SolutionProperties) = preSolution
		HideSolutionNode = FALSE
	EndGlobalSection
	GlobalSection(ExtensibilityGlobals) = postSolution
		SolutionGuid = {238CBB46-EB39-43C9-BBFF-37FD2419E7B4}
	EndGlobalSection
EndGlobal
